// !$*UTF8*$!
{
	archiveVersion = 1;
	classes = {
	};
	objectVersion = 46;
	objects = {

/* Begin PBXBuildFile section */
		9A8131491CA2829B007966D9 /* AppDelegate.swift in Sources */ = {isa = PBXBuildFile; fileRef = 9A8131481CA2829B007966D9 /* AppDelegate.swift */; };
		9A81314E1CA2829B007966D9 /* Main.storyboard in Resources */ = {isa = PBXBuildFile; fileRef = 9A81314C1CA2829B007966D9 /* Main.storyboard */; };
		9A8131501CA2829B007966D9 /* Assets.xcassets in Resources */ = {isa = PBXBuildFile; fileRef = 9A81314F1CA2829B007966D9 /* Assets.xcassets */; };
		9A8131531CA2829B007966D9 /* LaunchScreen.storyboard in Resources */ = {isa = PBXBuildFile; fileRef = 9A8131511CA2829B007966D9 /* LaunchScreen.storyboard */; };
		9A81315B1CA28320007966D9 /* MapViewController.swift in Sources */ = {isa = PBXBuildFile; fileRef = 9A81315A1CA28320007966D9 /* MapViewController.swift */; };
		9A8131611CA283B0007966D9 /* MainViewController.swift in Sources */ = {isa = PBXBuildFile; fileRef = 9A8131601CA283B0007966D9 /* MainViewController.swift */; };
		9A8131631CA28B38007966D9 /* MainTableViewCell.swift in Sources */ = {isa = PBXBuildFile; fileRef = 9A8131621CA28B38007966D9 /* MainTableViewCell.swift */; };
		9A8131651CA28DD2007966D9 /* Vertex.swift in Sources */ = {isa = PBXBuildFile; fileRef = 9A8131641CA28DD2007966D9 /* Vertex.swift */; };
		9A8131671CA28DE1007966D9 /* User.swift in Sources */ = {isa = PBXBuildFile; fileRef = 9A8131661CA28DE1007966D9 /* User.swift */; };
		9A8131691CA2903A007966D9 /* ContainerViewController.swift in Sources */ = {isa = PBXBuildFile; fileRef = 9A8131681CA2903A007966D9 /* ContainerViewController.swift */; };
		9A81316B1CA293C6007966D9 /* MapKit.framework in Frameworks */ = {isa = PBXBuildFile; fileRef = 9A81316A1CA293C6007966D9 /* MapKit.framework */; };
/* End PBXBuildFile section */

/* Begin PBXFileReference section */
		9A8131451CA2829B007966D9 /* Rendezvous.app */ = {isa = PBXFileReference; explicitFileType = wrapper.application; includeInIndex = 0; path = Rendezvous.app; sourceTree = BUILT_PRODUCTS_DIR; };
		9A8131481CA2829B007966D9 /* AppDelegate.swift */ = {isa = PBXFileReference; lastKnownFileType = sourcecode.swift; path = AppDelegate.swift; sourceTree = "<group>"; };
		9A81314D1CA2829B007966D9 /* Base */ = {isa = PBXFileReference; lastKnownFileType = file.storyboard; name = Base; path = Base.lproj/Main.storyboard; sourceTree = "<group>"; };
		9A81314F1CA2829B007966D9 /* Assets.xcassets */ = {isa = PBXFileReference; lastKnownFileType = folder.assetcatalog; path = Assets.xcassets; sourceTree = "<group>"; };
		9A8131521CA2829B007966D9 /* Base */ = {isa = PBXFileReference; lastKnownFileType = file.storyboard; name = Base; path = Base.lproj/LaunchScreen.storyboard; sourceTree = "<group>"; };
		9A8131541CA2829B007966D9 /* Info.plist */ = {isa = PBXFileReference; lastKnownFileType = text.plist.xml; path = Info.plist; sourceTree = "<group>"; };
		9A81315A1CA28320007966D9 /* MapViewController.swift */ = {isa = PBXFileReference; fileEncoding = 4; lastKnownFileType = sourcecode.swift; path = MapViewController.swift; sourceTree = "<group>"; };
		9A8131601CA283B0007966D9 /* MainViewController.swift */ = {isa = PBXFileReference; fileEncoding = 4; lastKnownFileType = sourcecode.swift; path = MainViewController.swift; sourceTree = "<group>"; };
		9A8131621CA28B38007966D9 /* MainTableViewCell.swift */ = {isa = PBXFileReference; fileEncoding = 4; lastKnownFileType = sourcecode.swift; path = MainTableViewCell.swift; sourceTree = "<group>"; };
		9A8131641CA28DD2007966D9 /* Vertex.swift */ = {isa = PBXFileReference; fileEncoding = 4; lastKnownFileType = sourcecode.swift; path = Vertex.swift; sourceTree = "<group>"; };
		9A8131661CA28DE1007966D9 /* User.swift */ = {isa = PBXFileReference; fileEncoding = 4; lastKnownFileType = sourcecode.swift; path = User.swift; sourceTree = "<group>"; };
		9A8131681CA2903A007966D9 /* ContainerViewController.swift */ = {isa = PBXFileReference; fileEncoding = 4; lastKnownFileType = sourcecode.swift; path = ContainerViewController.swift; sourceTree = "<group>"; };
		9A81316A1CA293C6007966D9 /* MapKit.framework */ = {isa = PBXFileReference; lastKnownFileType = wrapper.framework; name = MapKit.framework; path = System/Library/Frameworks/MapKit.framework; sourceTree = SDKROOT; };
/* End PBXFileReference section */

/* Begin PBXFrameworksBuildPhase section */
		9A8131421CA2829B007966D9 /* Frameworks */ = {
			isa = PBXFrameworksBuildPhase;
			buildActionMask = 2147483647;
			files = (
				9A81316B1CA293C6007966D9 /* MapKit.framework in Frameworks */,
			);
			runOnlyForDeploymentPostprocessing = 0;
		};
/* End PBXFrameworksBuildPhase section */

/* Begin PBXGroup section */
		9A81313C1CA2829B007966D9 = {
			isa = PBXGroup;
			children = (
				9A81316A1CA293C6007966D9 /* MapKit.framework */,
				9A8131471CA2829B007966D9 /* Rendezvous */,
				9A8131461CA2829B007966D9 /* Products */,
			);
			sourceTree = "<group>";
		};
		9A8131461CA2829B007966D9 /* Products */ = {
			isa = PBXGroup;
			children = (
				9A8131451CA2829B007966D9 /* Rendezvous.app */,
			);
			name = Products;
			sourceTree = "<group>";
		};
		9A8131471CA2829B007966D9 /* Rendezvous */ = {
			isa = PBXGroup;
			children = (
				9A81315F1CA28341007966D9 /* API */,
				9A81315D1CA28334007966D9 /* Models */,
				9A81315C1CA28327007966D9 /* Views */,
				9A81315E1CA2833C007966D9 /* Controllers */,
				9A8131481CA2829B007966D9 /* AppDelegate.swift */,
				9A81314C1CA2829B007966D9 /* Main.storyboard */,
				9A81314F1CA2829B007966D9 /* Assets.xcassets */,
				9A8131511CA2829B007966D9 /* LaunchScreen.storyboard */,
				9A8131541CA2829B007966D9 /* Info.plist */,
			);
			path = Rendezvous;
			sourceTree = "<group>";
		};
		9A81315C1CA28327007966D9 /* Views */ = {
			isa = PBXGroup;
			children = (
				9A8131621CA28B38007966D9 /* MainTableViewCell.swift */,
			);
			name = Views;
			sourceTree = "<group>";
		};
		9A81315D1CA28334007966D9 /* Models */ = {
			isa = PBXGroup;
			children = (
				9A8131661CA28DE1007966D9 /* User.swift */,
				9A8131641CA28DD2007966D9 /* Vertex.swift */,
			);
			name = Models;
			sourceTree = "<group>";
		};
		9A81315E1CA2833C007966D9 /* Controllers */ = {
			isa = PBXGroup;
			children = (
				9A8131681CA2903A007966D9 /* ContainerViewController.swift */,
				9A8131601CA283B0007966D9 /* MainViewController.swift */,
				9A81315A1CA28320007966D9 /* MapViewController.swift */,
			);
			name = Controllers;
			sourceTree = "<group>";
		};
		9A81315F1CA28341007966D9 /* API */ = {
			isa = PBXGroup;
			children = (
			);
			name = API;
			sourceTree = "<group>";
		};
/* End PBXGroup section */

/* Begin PBXNativeTarget section */
		9A8131441CA2829B007966D9 /* Rendezvous */ = {
			isa = PBXNativeTarget;
			buildConfigurationList = 9A8131571CA2829B007966D9 /* Build configuration list for PBXNativeTarget "Rendezvous" */;
			buildPhases = (
				9A8131411CA2829B007966D9 /* Sources */,
				9A8131421CA2829B007966D9 /* Frameworks */,
				9A8131431CA2829B007966D9 /* Resources */,
			);
			buildRules = (
			);
			dependencies = (
			);
			name = Rendezvous;
			productName = Rendezvous;
			productReference = 9A8131451CA2829B007966D9 /* Rendezvous.app */;
			productType = "com.apple.product-type.application";
		};
/* End PBXNativeTarget section */

/* Begin PBXProject section */
		9A81313D1CA2829B007966D9 /* Project object */ = {
			isa = PBXProject;
			attributes = {
				LastSwiftUpdateCheck = 0720;
				LastUpgradeCheck = 0720;
				ORGANIZATIONNAME = GeddingtonDr;
				TargetAttributes = {
					9A8131441CA2829B007966D9 = {
						CreatedOnToolsVersion = 7.2;
					};
				};
			};
			buildConfigurationList = 9A8131401CA2829B007966D9 /* Build configuration list for PBXProject "Rendezvous" */;
			compatibilityVersion = "Xcode 3.2";
			developmentRegion = English;
			hasScannedForEncodings = 0;
			knownRegions = (
				en,
				Base,
			);
			mainGroup = 9A81313C1CA2829B007966D9;
			productRefGroup = 9A8131461CA2829B007966D9 /* Products */;
			projectDirPath = "";
			projectRoot = "";
			targets = (
				9A8131441CA2829B007966D9 /* Rendezvous */,
			);
		};
/* End PBXProject section */

/* Begin PBXResourcesBuildPhase section */
		9A8131431CA2829B007966D9 /* Resources */ = {
			isa = PBXResourcesBuildPhase;
			buildActionMask = 2147483647;
			files = (
				9A8131531CA2829B007966D9 /* LaunchScreen.storyboard in Resources */,
				9A8131501CA2829B007966D9 /* Assets.xcassets in Resources */,
				9A81314E1CA2829B007966D9 /* Main.storyboard in Resources */,
			);
			runOnlyForDeploymentPostprocessing = 0;
		};
/* End PBXResourcesBuildPhase section */

/* Begin PBXSourcesBuildPhase section */
		9A8131411CA2829B007966D9 /* Sources */ = {
			isa = PBXSourcesBuildPhase;
			buildActionMask = 2147483647;
			files = (
				9A8131611CA283B0007966D9 /* MainViewController.swift in Sources */,
				9A8131491CA2829B007966D9 /* AppDelegate.swift in Sources */,
				9A8131691CA2903A007966D9 /* ContainerViewController.swift in Sources */,
				9A8131671CA28DE1007966D9 /* User.swift in Sources */,
				9A8131631CA28B38007966D9 /* MainTableViewCell.swift in Sources */,
				9A8131651CA28DD2007966D9 /* Vertex.swift in Sources */,
				9A81315B1CA28320007966D9 /* MapViewController.swift in Sources */,
			);
			runOnlyForDeploymentPostprocessing = 0;
		};
/* End PBXSourcesBuildPhase section */

/* Begin PBXVariantGroup section */
		9A81314C1CA2829B007966D9 /* Main.storyboard */ = {
			isa = PBXVariantGroup;
			children = (
				9A81314D1CA2829B007966D9 /* Base */,
			);
			name = Main.storyboard;
			sourceTree = "<group>";
		};
		9A8131511CA2829B007966D9 /* LaunchScreen.storyboard */ = {
			isa = PBXVariantGroup;
			children = (
				9A8131521CA2829B007966D9 /* Base */,
			);
			name = LaunchScreen.storyboard;
			sourceTree = "<group>";
		};
/* End PBXVariantGroup section */

/* Begin XCBuildConfiguration section */
		9A8131551CA2829B007966D9 /* Debug */ = {
			isa = XCBuildConfiguration;
			buildSettings = {
				ALWAYS_SEARCH_USER_PATHS = NO;
				CLANG_CXX_LANGUAGE_STANDARD = "gnu++0x";
				CLANG_CXX_LIBRARY = "libc++";
				CLANG_ENABLE_MODULES = YES;
				CLANG_ENABLE_OBJC_ARC = YES;
				CLANG_WARN_BOOL_CONVERSION = YES;
				CLANG_WARN_CONSTANT_CONVERSION = YES;
				CLANG_WARN_DIRECT_OBJC_ISA_USAGE = YES_ERROR;
				CLANG_WARN_EMPTY_BODY = YES;
				CLANG_WARN_ENUM_CONVERSION = YES;
				CLANG_WARN_INT_CONVERSION = YES;
				CLANG_WARN_OBJC_ROOT_CLASS = YES_ERROR;
				CLANG_WARN_UNREACHABLE_CODE = YES;
				CLANG_WARN__DUPLICATE_METHOD_MATCH = YES;
				"CODE_SIGN_IDENTITY[sdk=iphoneos*]" = "iPhone Developer";
				COPY_PHASE_STRIP = NO;
				DEBUG_INFORMATION_FORMAT = dwarf;
				ENABLE_STRICT_OBJC_MSGSEND = YES;
				ENABLE_TESTABILITY = YES;
				GCC_C_LANGUAGE_STANDARD = gnu99;
				GCC_DYNAMIC_NO_PIC = NO;
				GCC_NO_COMMON_BLOCKS = YES;
				GCC_OPTIMIZATION_LEVEL = 0;
				GCC_PREPROCESSOR_DEFINITIONS = (
					"DEBUG=1",
					"$(inherited)",
				);
				GCC_WARN_64_TO_32_BIT_CONVERSION = YES;
				GCC_WARN_ABOUT_RETURN_TYPE = YES_ERROR;
				GCC_WARN_UNDECLARED_SELECTOR = YES;
				GCC_WARN_UNINITIALIZED_AUTOS = YES_AGGRESSIVE;
				GCC_WARN_UNUSED_FUNCTION = YES;
				GCC_WARN_UNUSED_VARIABLE = YES;
				IPHONEOS_DEPLOYMENT_TARGET = 9.2;
				MTL_ENABLE_DEBUG_INFO = YES;
				ONLY_ACTIVE_ARCH = YES;
				SDKROOT = iphoneos;
				SWIFT_OPTIMIZATION_LEVEL = "-Onone";
			};
			name = Debug;
		};
		9A8131561CA2829B007966D9 /* Release */ = {
			isa = XCBuildConfiguration;
			buildSettings = {
				ALWAYS_SEARCH_USER_PATHS = NO;
				CLANG_CXX_LANGUAGE_STANDARD = "gnu++0x";
				CLANG_CXX_LIBRARY = "libc++";
				CLANG_ENABLE_MODULES = YES;
				CLANG_ENABLE_OBJC_ARC = YES;
				CLANG_WARN_BOOL_CONVERSION = YES;
				CLANG_WARN_CONSTANT_CONVERSION = YES;
				CLANG_WARN_DIRECT_OBJC_ISA_USAGE = YES_ERROR;
				CLANG_WARN_EMPTY_BODY = YES;
				CLANG_WARN_ENUM_CONVERSION = YES;
				CLANG_WARN_INT_CONVERSION = YES;
				CLANG_WARN_OBJC_ROOT_CLASS = YES_ERROR;
				CLANG_WARN_UNREACHABLE_CODE = YES;
				CLANG_WARN__DUPLICATE_METHOD_MATCH = YES;
				"CODE_SIGN_IDENTITY[sdk=iphoneos*]" = "iPhone Developer";
				COPY_PHASE_STRIP = NO;
				DEBUG_INFORMATION_FORMAT = "dwarf-with-dsym";
				ENABLE_NS_ASSERTIONS = NO;
				ENABLE_STRICT_OBJC_MSGSEND = YES;
				GCC_C_LANGUAGE_STANDARD = gnu99;
				GCC_NO_COMMON_BLOCKS = YES;
				GCC_WARN_64_TO_32_BIT_CONVERSION = YES;
				GCC_WARN_ABOUT_RETURN_TYPE = YES_ERROR;
				GCC_WARN_UNDECLARED_SELECTOR = YES;
				GCC_WARN_UNINITIALIZED_AUTOS = YES_AGGRESSIVE;
				GCC_WARN_UNUSED_FUNCTION = YES;
				GCC_WARN_UNUSED_VARIABLE = YES;
				IPHONEOS_DEPLOYMENT_TARGET = 9.2;
				MTL_ENABLE_DEBUG_INFO = NO;
				SDKROOT = iphoneos;
				VALIDATE_PRODUCT = YES;
			};
			name = Release;
		};
		9A8131581CA2829B007966D9 /* Debug */ = {
			isa = XCBuildConfiguration;
			buildSettings = {
				ASSETCATALOG_COMPILER_APPICON_NAME = AppIcon;
				INFOPLIST_FILE = Rendezvous/Info.plist;
				LD_RUNPATH_SEARCH_PATHS = "$(inherited) @executable_path/Frameworks";
				PRODUCT_BUNDLE_IDENTIFIER = GeddingtonDr.Rendezvous;
				PRODUCT_NAME = "$(TARGET_NAME)";
			};
			name = Debug;
		};
		9A8131591CA2829B007966D9 /* Release */ = {
			isa = XCBuildConfiguration;
			buildSettings = {
				ASSETCATALOG_COMPILER_APPICON_NAME = AppIcon;
				INFOPLIST_FILE = Rendezvous/Info.plist;
				LD_RUNPATH_SEARCH_PATHS = "$(inherited) @executable_path/Frameworks";
				PRODUCT_BUNDLE_IDENTIFIER = GeddingtonDr.Rendezvous;
				PRODUCT_NAME = "$(TARGET_NAME)";
			};
			name = Release;
		};
/* End XCBuildConfiguration section */

/* Begin XCConfigurationList section */
		9A8131401CA2829B007966D9 /* Build configuration list for PBXProject "Rendezvous" */ = {
			isa = XCConfigurationList;
			buildConfigurations = (
				9A8131551CA2829B007966D9 /* Debug */,
				9A8131561CA2829B007966D9 /* Release */,
			);
			defaultConfigurationIsVisible = 0;
			defaultConfigurationName = Release;
		};
		9A8131571CA2829B007966D9 /* Build configuration list for PBXNativeTarget "Rendezvous" */ = {
			isa = XCConfigurationList;
			buildConfigurations = (
				9A8131581CA2829B007966D9 /* Debug */,
				9A8131591CA2829B007966D9 /* Release */,
			);
			defaultConfigurationIsVisible = 0;
		};
/* End XCConfigurationList section */
	};
	rootObject = 9A81313D1CA2829B007966D9 /* Project object */;
}
